
Microsoft Visual Studio Solution File, Format Version 12.00
# Visual Studio 15
VisualStudioVersion = 15.0.28307.438
MinimumVisualStudioVersion = 10.0.40219.1
Project("{FAE04EC0-301F-11D3-BF4B-00C04F79EFBC}") = "ConsoleReader", "ConsoleReader\ConsoleReader.csproj", "{26CF32F3-4EA6-4EF1-B8A6-1B01A6E8E8E2}"
EndProject
Global
	GlobalSection(SolutionConfigurationPlatforms) = preSolution
		Debug|Any CPU = Debug|Any CPU
		Release|Any CPU = Release|Any CPU
	EndGlobalSection
	GlobalSection(ProjectConfigurationPlatforms) = postSolution
		{26CF32F3-4EA6-4EF1-B8A6-1B01A6E8E8E2}.Debug|Any CPU.ActiveCfg = Debug|Any CPU
		{26CF32F3-4EA6-4EF1-B8A6-1B01A6E8E8E2}.Debug|Any CPU.Build.0 = Debug|Any CPU
		{26CF32F3-4EA6-4EF1-B8A6-1B01A6E8E8E2}.Release|Any CPU.ActiveCfg = Release|Any CPU
		{26CF32F3-4EA6-4EF1-B8A6-1B01A6E8E8E2}.Release|Any CPU.Build.0 = Release|Any CPU
	EndGlobalSection
	GlobalSection(SolutionProperties) = preSolution
		HideSolutionNode = FALSE
	EndGlobalSection
	GlobalSection(ExtensibilityGlobals) = postSolution
		SolutionGuid = {5C4909AF-7E0C-4F2A-9283-6B8470B32BBF}
	EndGlobalSection
EndGlobal
