
Microsoft Visual Studio Solution File, Format Version 12.00
# Visual Studio 15
VisualStudioVersion = 15.0.28307.438
MinimumVisualStudioVersion = 10.0.40219.1
Project("{FAE04EC0-301F-11D3-BF4B-00C04F79EFBC}") = "BancoArray", "BancoArray\BancoArray.csproj", "{5C799DB9-ADB9-462A-AD84-70B0D8C29D06}"
EndProject
Global
	GlobalSection(SolutionConfigurationPlatforms) = preSolution
		Debug|Any CPU = Debug|Any CPU
		Release|Any CPU = Release|Any CPU
	EndGlobalSection
	GlobalSection(ProjectConfigurationPlatforms) = postSolution
		{5C799DB9-ADB9-462A-AD84-70B0D8C29D06}.Debug|Any CPU.ActiveCfg = Debug|Any CPU
		{5C799DB9-ADB9-462A-AD84-70B0D8C29D06}.Debug|Any CPU.Build.0 = Debug|Any CPU
		{5C799DB9-ADB9-462A-AD84-70B0D8C29D06}.Release|Any CPU.ActiveCfg = Release|Any CPU
		{5C799DB9-ADB9-462A-AD84-70B0D8C29D06}.Release|Any CPU.Build.0 = Release|Any CPU
	EndGlobalSection
	GlobalSection(SolutionProperties) = preSolution
		HideSolutionNode = FALSE
	EndGlobalSection
	GlobalSection(ExtensibilityGlobals) = postSolution
		SolutionGuid = {2A4C09DC-FC01-4C23-88CC-829805085C4C}
	EndGlobalSection
EndGlobal
